
Microsoft Visual Studio Solution File, Format Version 12.00
# Visual Studio Version 17
VisualStudioVersion = 17.9.34728.123
MinimumVisualStudioVersion = 10.0.40219.1
Project("{FAE04EC0-301F-11D3-BF4B-00C04F79EFBC}") = "ExampleLibrary", "Shape\ExampleLibrary.csproj", "{1F78D8D7-0C63-4CD3-A7A2-62102237999A}"
EndProject
Project("{FAE04EC0-301F-11D3-BF4B-00C04F79EFBC}") = "ExampleLibraryTests", "ExampleLibraryTests\ExampleLibraryTests.csproj", "{B48FE557-5AE4-4F3C-A3DD-2916FDFD2AD8}"
EndProject
Global
	GlobalSection(SolutionConfigurationPlatforms) = preSolution
		Debug|Any CPU = Debug|Any CPU
		Release|Any CPU = Release|Any CPU
	EndGlobalSection
	GlobalSection(ProjectConfigurationPlatforms) = postSolution
		{1F78D8D7-0C63-4CD3-A7A2-62102237999A}.Debug|Any CPU.ActiveCfg = Debug|Any CPU
		{1F78D8D7-0C63-4CD3-A7A2-62102237999A}.Debug|Any CPU.Build.0 = Debug|Any CPU
		{1F78D8D7-0C63-4CD3-A7A2-62102237999A}.Release|Any CPU.ActiveCfg = Release|Any CPU
		{1F78D8D7-0C63-4CD3-A7A2-62102237999A}.Release|Any CPU.Build.0 = Release|Any CPU
		{B48FE557-5AE4-4F3C-A3DD-2916FDFD2AD8}.Debug|Any CPU.ActiveCfg = Debug|Any CPU
		{B48FE557-5AE4-4F3C-A3DD-2916FDFD2AD8}.Debug|Any CPU.Build.0 = Debug|Any CPU
		{B48FE557-5AE4-4F3C-A3DD-2916FDFD2AD8}.Release|Any CPU.ActiveCfg = Release|Any CPU
		{B48FE557-5AE4-4F3C-A3DD-2916FDFD2AD8}.Release|Any CPU.Build.0 = Release|Any CPU
	EndGlobalSection
	GlobalSection(SolutionProperties) = preSolution
		HideSolutionNode = FALSE
	EndGlobalSection
	GlobalSection(ExtensibilityGlobals) = postSolution
		SolutionGuid = {056F0807-FBAE-4BA9-B97A-C00B21D854B7}
	EndGlobalSection
EndGlobal
